{
  "name": "multiversed",
  "version": "0.1.3",
  "dependencies": {
    "async": {
      "version": "0.9.0",
      "from": "async@*"
    },
    "lodash": {
      "version": "2.4.1",
      "from": "lodash@*"
    },
    "semver": {
      "version": "4.0.3",
      "from": "semver@*",
      "resolved": "https://registry.npmjs.org/semver/-/semver-4.0.3.tgz"
    }
  }
}
